
Microsoft Visual Studio Solution File, Format Version 12.00
# Visual Studio 15
VisualStudioVersion = 15.0.27703.2035
MinimumVisualStudioVersion = 10.0.40219.1
Project("{8BC9CEB8-8B4A-11D0-8D11-00A0C91BC942}") = "SDL", "SDL\SDL.vcxproj", "{BD1C8634-A1C5-405C-A8EC-2A024FAE5BA3}"
EndProject
Global
	GlobalSection(SolutionConfigurationPlatforms) = preSolution
		Debug|x64 = Debug|x64
		Debug|x86 = Debug|x86
		Release|x64 = Release|x64
		Release|x86 = Release|x86
	EndGlobalSection
	GlobalSection(ProjectConfigurationPlatforms) = postSolution
		{BD1C8634-A1C5-405C-A8EC-2A024FAE5BA3}.Debug|x64.ActiveCfg = Debug|x64
		{BD1C8634-A1C5-405C-A8EC-2A024FAE5BA3}.Debug|x64.Build.0 = Debug|x64
		{BD1C8634-A1C5-405C-A8EC-2A024FAE5BA3}.Debug|x86.ActiveCfg = Debug|Win32
		{BD1C8634-A1C5-405C-A8EC-2A024FAE5BA3}.Debug|x86.Build.0 = Debug|Win32
		{BD1C8634-A1C5-405C-A8EC-2A024FAE5BA3}.Release|x64.ActiveCfg = Release|x64
		{BD1C8634-A1C5-405C-A8EC-2A024FAE5BA3}.Release|x64.Build.0 = Release|x64
		{BD1C8634-A1C5-405C-A8EC-2A024FAE5BA3}.Release|x86.ActiveCfg = Release|Win32
		{BD1C8634-A1C5-405C-A8EC-2A024FAE5BA3}.Release|x86.Build.0 = Release|Win32
	EndGlobalSection
	GlobalSection(SolutionProperties) = preSolution
		HideSolutionNode = FALSE
	EndGlobalSection
	GlobalSection(ExtensibilityGlobals) = postSolution
		SolutionGuid = {0D7C3591-EF53-4A92-AEB7-0CEA43F8E952}
	EndGlobalSection
EndGlobal
